
Microsoft Visual Studio Solution File, Format Version 12.00
# Visual Studio Version 17
VisualStudioVersion = 17.5.33627.172
MinimumVisualStudioVersion = 10.0.40219.1
Project("{FAE04EC0-301F-11D3-BF4B-00C04F79EFBC}") = "AI Graph Work", "AI Graph Work.csproj", "{56E3FA05-52F3-4AF0-84DC-DF8F3B60F3BD}"
EndProject
Global
	GlobalSection(SolutionConfigurationPlatforms) = preSolution
		Debug|Any CPU = Debug|Any CPU
		Release|Any CPU = Release|Any CPU
	EndGlobalSection
	GlobalSection(ProjectConfigurationPlatforms) = postSolution
		{56E3FA05-52F3-4AF0-84DC-DF8F3B60F3BD}.Debug|Any CPU.ActiveCfg = Debug|Any CPU
		{56E3FA05-52F3-4AF0-84DC-DF8F3B60F3BD}.Debug|Any CPU.Build.0 = Debug|Any CPU
		{56E3FA05-52F3-4AF0-84DC-DF8F3B60F3BD}.Release|Any CPU.ActiveCfg = Release|Any CPU
		{56E3FA05-52F3-4AF0-84DC-DF8F3B60F3BD}.Release|Any CPU.Build.0 = Release|Any CPU
	EndGlobalSection
	GlobalSection(SolutionProperties) = preSolution
		HideSolutionNode = FALSE
	EndGlobalSection
	GlobalSection(ExtensibilityGlobals) = postSolution
		SolutionGuid = {3479D790-EF8C-4876-97A9-7C34683527A7}
	EndGlobalSection
EndGlobal
